
Microsoft Visual Studio Solution File, Format Version 12.00
# Visual Studio Version 17
VisualStudioVersion = 17.9.34728.123
MinimumVisualStudioVersion = 10.0.40219.1
Project("{2150E333-8FDC-42A3-9474-1A3956D46DE8}") = "Solution Items", "Solution Items", "{5DECEB67-C7CE-4E1F-B143-73A15DBC2ACD}"
	ProjectSection(SolutionItems) = preProject
		css_form.css = css_form.css
		index.html = index.html
	EndProjectSection
EndProject
Global
	GlobalSection(SolutionProperties) = preSolution
		HideSolutionNode = FALSE
	EndGlobalSection
	GlobalSection(ExtensibilityGlobals) = postSolution
		SolutionGuid = {A8EED26E-0E62-4D41-891D-96E03E2D1CE6}
	EndGlobalSection
EndGlobal
